
Microsoft Visual Studio Solution File, Format Version 12.00
# Visual Studio Version 16
VisualStudioVersion = 16.0.30523.141
MinimumVisualStudioVersion = 10.0.40219.1
Project("{9A19103F-16F7-4668-BE54-9A1E7A4F7556}") = "GenerateHash", "GenerateHash\GenerateHash.csproj", "{0415B844-AA32-49F9-AF25-0120B7249635}"
EndProject
Project("{9A19103F-16F7-4668-BE54-9A1E7A4F7556}") = "RaveCalcApiCommander", "RaveCalcApiCommander\RaveCalcApiCommander.csproj", "{9C955724-148B-4425-8121-67BF10A3785C}"
EndProject
Global
	GlobalSection(SolutionConfigurationPlatforms) = preSolution
		Debug|Any CPU = Debug|Any CPU
		Release|Any CPU = Release|Any CPU
	EndGlobalSection
	GlobalSection(ProjectConfigurationPlatforms) = postSolution
		{0415B844-AA32-49F9-AF25-0120B7249635}.Debug|Any CPU.ActiveCfg = Debug|Any CPU
		{0415B844-AA32-49F9-AF25-0120B7249635}.Debug|Any CPU.Build.0 = Debug|Any CPU
		{0415B844-AA32-49F9-AF25-0120B7249635}.Release|Any CPU.ActiveCfg = Release|Any CPU
		{0415B844-AA32-49F9-AF25-0120B7249635}.Release|Any CPU.Build.0 = Release|Any CPU
		{9C955724-148B-4425-8121-67BF10A3785C}.Debug|Any CPU.ActiveCfg = Debug|Any CPU
		{9C955724-148B-4425-8121-67BF10A3785C}.Debug|Any CPU.Build.0 = Debug|Any CPU
		{9C955724-148B-4425-8121-67BF10A3785C}.Release|Any CPU.ActiveCfg = Release|Any CPU
		{9C955724-148B-4425-8121-67BF10A3785C}.Release|Any CPU.Build.0 = Release|Any CPU
	EndGlobalSection
	GlobalSection(SolutionProperties) = preSolution
		HideSolutionNode = FALSE
	EndGlobalSection
	GlobalSection(ExtensibilityGlobals) = postSolution
		SolutionGuid = {EF57F187-FB6C-4396-9B82-6594EDB82D07}
	EndGlobalSection
EndGlobal
